
Microsoft Visual Studio Solution File, Format Version 10.00
# Visual Studio 2008
Project("{8BC9CEB8-8B4A-11D0-8D11-00A0C91BC942}") = "lib_glui", "glui\glui.vcproj", "{1F6205B2-4B3A-4A95-A4E0-BB7E9947A406}"
EndProject
Project("{8BC9CEB8-8B4A-11D0-8D11-00A0C91BC942}") = "lib_freeglut", "freeglut\freeglut.vcproj", "{7F4270D8-EEF4-4671-BA17-6343F227EFCC}"
EndProject
Project("{8BC9CEB8-8B4A-11D0-8D11-00A0C91BC942}") = "lib_Box2D", "Box2D\Box2D.vcproj", "{D0C60DE8-B051-4194-8F69-D4CF88D52739}"
EndProject
Project("{8BC9CEB8-8B4A-11D0-8D11-00A0C91BC942}") = "FruitsEditor", "FruitsEditor\FruitsEditor.vcproj", "{BF89069D-0754-4E3A-95A6-65FC94F41FFC}"
	ProjectSection(ProjectDependencies) = postProject
		{C5894369-F3D2-4D36-975A-A94C7943D325} = {C5894369-F3D2-4D36-975A-A94C7943D325}
		{1F6205B2-4B3A-4A95-A4E0-BB7E9947A406} = {1F6205B2-4B3A-4A95-A4E0-BB7E9947A406}
		{D2427EC9-94E2-4C09-BB07-5FC8C514D6FB} = {D2427EC9-94E2-4C09-BB07-5FC8C514D6FB}
		{7F4270D8-EEF4-4671-BA17-6343F227EFCC} = {7F4270D8-EEF4-4671-BA17-6343F227EFCC}
		{D0C60DE8-B051-4194-8F69-D4CF88D52739} = {D0C60DE8-B051-4194-8F69-D4CF88D52739}
		{1E6B1BEB-C37E-4E6C-B071-115858BAA1F0} = {1E6B1BEB-C37E-4E6C-B071-115858BAA1F0}
		{7EBC6EF3-70ED-491E-B221-0A5E036CBFEB} = {7EBC6EF3-70ED-491E-B221-0A5E036CBFEB}
	EndProjectSection
EndProject
Project("{8BC9CEB8-8B4A-11D0-8D11-00A0C91BC942}") = "lib_Fruits2D", "Fruits2D\Fruits2D.vcproj", "{C5894369-F3D2-4D36-975A-A94C7943D325}"
EndProject
Project("{8BC9CEB8-8B4A-11D0-8D11-00A0C91BC942}") = "libjpeg", "Libjpeg\Libjpeg.vcproj", "{D2427EC9-94E2-4C09-BB07-5FC8C514D6FB}"
EndProject
Project("{8BC9CEB8-8B4A-11D0-8D11-00A0C91BC942}") = "lib_Fruits3D", "Fruits3D\Fruits3D.vcproj", "{7EBC6EF3-70ED-491E-B221-0A5E036CBFEB}"
EndProject
Project("{8BC9CEB8-8B4A-11D0-8D11-00A0C91BC942}") = "lib_lua", "Lua\libLua\libLua.vcproj", "{949F7596-417E-490A-A9B3-3706D4D7F5F5}"
EndProject
Project("{8BC9CEB8-8B4A-11D0-8D11-00A0C91BC942}") = "TestLua", "testLua\testLua\testLua.vcproj", "{87B112D6-A571-4DB5-B948-7940E0CACE7C}"
	ProjectSection(ProjectDependencies) = postProject
		{949F7596-417E-490A-A9B3-3706D4D7F5F5} = {949F7596-417E-490A-A9B3-3706D4D7F5F5}
	EndProjectSection
EndProject
Project("{8BC9CEB8-8B4A-11D0-8D11-00A0C91BC942}") = "GameFruits", "GameFruits\GameFruits.vcproj", "{661FBD69-F7DB-4356-BCDB-4ECD40088081}"
EndProject
Project("{8BC9CEB8-8B4A-11D0-8D11-00A0C91BC942}") = "TestWX", "TestWX\TestWX.vcproj", "{222C3A35-F2CC-4B1B-ABAA-1705136007FD}"
EndProject
Project("{8BC9CEB8-8B4A-11D0-8D11-00A0C91BC942}") = "FruitsAnimator", "FruitsAnimator\FruitsAnimator.vcproj", "{922977D3-E249-40AC-BC72-26919116BC70}"
	ProjectSection(ProjectDependencies) = postProject
		{C5894369-F3D2-4D36-975A-A94C7943D325} = {C5894369-F3D2-4D36-975A-A94C7943D325}
		{1E6B1BEB-C37E-4E6C-B071-115858BAA1F0} = {1E6B1BEB-C37E-4E6C-B071-115858BAA1F0}
		{3C6771FF-9322-4245-95EA-E462B3E4FA4F} = {3C6771FF-9322-4245-95EA-E462B3E4FA4F}
	EndProjectSection
EndProject
Project("{8BC9CEB8-8B4A-11D0-8D11-00A0C91BC942}") = "lib_wxGUI", "wxGUI\wxGUI.vcproj", "{3C6771FF-9322-4245-95EA-E462B3E4FA4F}"
EndProject
Project("{8BC9CEB8-8B4A-11D0-8D11-00A0C91BC942}") = "lib_Doodle2D", "Doodle2D\Doodle2D.vcproj", "{AAD75944-DAA7-49BE-9694-2FB31EA38568}"
	ProjectSection(ProjectDependencies) = postProject
		{D0C60DE8-B051-4194-8F69-D4CF88D52739} = {D0C60DE8-B051-4194-8F69-D4CF88D52739}
		{503FBAF2-AD34-48D8-A4F5-8B2E19E97ABB} = {503FBAF2-AD34-48D8-A4F5-8B2E19E97ABB}
	EndProjectSection
EndProject
Project("{8BC9CEB8-8B4A-11D0-8D11-00A0C91BC942}") = "TestD2D", "TestD2D\TestD2D.vcproj", "{98387CBB-A6AB-4A10-A9CF-4D12654A0722}"
	ProjectSection(ProjectDependencies) = postProject
		{AAD75944-DAA7-49BE-9694-2FB31EA38568} = {AAD75944-DAA7-49BE-9694-2FB31EA38568}
		{D2427EC9-94E2-4C09-BB07-5FC8C514D6FB} = {D2427EC9-94E2-4C09-BB07-5FC8C514D6FB}
	EndProjectSection
EndProject
Project("{8BC9CEB8-8B4A-11D0-8D11-00A0C91BC942}") = "TestES20", "TestES20\TestES20.vcproj", "{39882741-77AB-4B1A-BC72-302756E85CBE}"
EndProject
Project("{8BC9CEB8-8B4A-11D0-8D11-00A0C91BC942}") = "lib_png", "..\Include\libpng\projects\visualc71\libpng.vcproj", "{503FBAF2-AD34-48D8-A4F5-8B2E19E97ABB}"
EndProject
Project("{8BC9CEB8-8B4A-11D0-8D11-00A0C91BC942}") = "DoodleEditor", "DoodleEditor\DoodleEditor.vcproj", "{9A33AFC4-0628-494C-BC4D-209237F9F6AD}"
	ProjectSection(ProjectDependencies) = postProject
		{B72B0159-C429-480C-9EF1-41A4A914E4DE} = {B72B0159-C429-480C-9EF1-41A4A914E4DE}
		{C5894369-F3D2-4D36-975A-A94C7943D325} = {C5894369-F3D2-4D36-975A-A94C7943D325}
		{6E029195-3328-4989-8A1C-7A6ADA1CF7C0} = {6E029195-3328-4989-8A1C-7A6ADA1CF7C0}
		{D0C60DE8-B051-4194-8F69-D4CF88D52739} = {D0C60DE8-B051-4194-8F69-D4CF88D52739}
		{1E6B1BEB-C37E-4E6C-B071-115858BAA1F0} = {1E6B1BEB-C37E-4E6C-B071-115858BAA1F0}
		{3C6771FF-9322-4245-95EA-E462B3E4FA4F} = {3C6771FF-9322-4245-95EA-E462B3E4FA4F}
	EndProjectSection
EndProject
Project("{8BC9CEB8-8B4A-11D0-8D11-00A0C91BC942}") = "lib_pngquant", "..\Include\pngquant\lib_pngquant\lib_pngquant.vcproj", "{6E029195-3328-4989-8A1C-7A6ADA1CF7C0}"
EndProject
Project("{8BC9CEB8-8B4A-11D0-8D11-00A0C91BC942}") = "MotoX", "MotoX\MotoX.vcproj", "{24FF41A7-BE35-4FAC-9029-DDB4C0C062E8}"
EndProject
Project("{8BC9CEB8-8B4A-11D0-8D11-00A0C91BC942}") = "lib_json", "JSON\JSON.vcproj", "{B72B0159-C429-480C-9EF1-41A4A914E4DE}"
EndProject
Project("{8BC9CEB8-8B4A-11D0-8D11-00A0C91BC942}") = "EasyBuilder", "EasyBuilder\EasyBuilder.vcproj", "{DA2A759C-582D-47D0-90B5-16C2D05F2EA4}"
	ProjectSection(ProjectDependencies) = postProject
		{B72B0159-C429-480C-9EF1-41A4A914E4DE} = {B72B0159-C429-480C-9EF1-41A4A914E4DE}
		{C5894369-F3D2-4D36-975A-A94C7943D325} = {C5894369-F3D2-4D36-975A-A94C7943D325}
		{D0C60DE8-B051-4194-8F69-D4CF88D52739} = {D0C60DE8-B051-4194-8F69-D4CF88D52739}
		{1E6B1BEB-C37E-4E6C-B071-115858BAA1F0} = {1E6B1BEB-C37E-4E6C-B071-115858BAA1F0}
		{3C6771FF-9322-4245-95EA-E462B3E4FA4F} = {3C6771FF-9322-4245-95EA-E462B3E4FA4F}
	EndProjectSection
EndProject
Project("{8BC9CEB8-8B4A-11D0-8D11-00A0C91BC942}") = "lib_SOIL", "SOIL\SOIL.vcproj", "{1E6B1BEB-C37E-4E6C-B071-115858BAA1F0}"
EndProject
Global
	GlobalSection(SubversionScc) = preSolution
		Svn-Managed = True
		Manager = AnkhSVN - Subversion Support for Visual Studio
	EndGlobalSection
	GlobalSection(SolutionConfigurationPlatforms) = preSolution
		Debug|Win32 = Debug|Win32
		DLL Debug|Win32 = DLL Debug|Win32
		DLL Release|Win32 = DLL Release|Win32
		DLL VB|Win32 = DLL VB|Win32
		LIB Debug|Win32 = LIB Debug|Win32
		LIB Release|Win32 = LIB Release|Win32
		Release|Win32 = Release|Win32
	EndGlobalSection
	GlobalSection(ProjectConfigurationPlatforms) = postSolution
		{1F6205B2-4B3A-4A95-A4E0-BB7E9947A406}.Debug|Win32.ActiveCfg = Debug|Win32
		{1F6205B2-4B3A-4A95-A4E0-BB7E9947A406}.Debug|Win32.Build.0 = Debug|Win32
		{1F6205B2-4B3A-4A95-A4E0-BB7E9947A406}.DLL Debug|Win32.ActiveCfg = Debug|Win32
		{1F6205B2-4B3A-4A95-A4E0-BB7E9947A406}.DLL Debug|Win32.Build.0 = Debug|Win32
		{1F6205B2-4B3A-4A95-A4E0-BB7E9947A406}.DLL Release|Win32.ActiveCfg = Release|Win32
		{1F6205B2-4B3A-4A95-A4E0-BB7E9947A406}.DLL Release|Win32.Build.0 = Release|Win32
		{1F6205B2-4B3A-4A95-A4E0-BB7E9947A406}.DLL VB|Win32.ActiveCfg = Debug|Win32
		{1F6205B2-4B3A-4A95-A4E0-BB7E9947A406}.DLL VB|Win32.Build.0 = Debug|Win32
		{1F6205B2-4B3A-4A95-A4E0-BB7E9947A406}.LIB Debug|Win32.ActiveCfg = Debug|Win32
		{1F6205B2-4B3A-4A95-A4E0-BB7E9947A406}.LIB Debug|Win32.Build.0 = Debug|Win32
		{1F6205B2-4B3A-4A95-A4E0-BB7E9947A406}.LIB Release|Win32.ActiveCfg = Release|Win32
		{1F6205B2-4B3A-4A95-A4E0-BB7E9947A406}.LIB Release|Win32.Build.0 = Release|Win32
		{1F6205B2-4B3A-4A95-A4E0-BB7E9947A406}.Release|Win32.ActiveCfg = Release|Win32
		{1F6205B2-4B3A-4A95-A4E0-BB7E9947A406}.Release|Win32.Build.0 = Release|Win32
		{7F4270D8-EEF4-4671-BA17-6343F227EFCC}.Debug|Win32.ActiveCfg = Debug|Win32
		{7F4270D8-EEF4-4671-BA17-6343F227EFCC}.Debug|Win32.Build.0 = Debug|Win32
		{7F4270D8-EEF4-4671-BA17-6343F227EFCC}.DLL Debug|Win32.ActiveCfg = Debug|Win32
		{7F4270D8-EEF4-4671-BA17-6343F227EFCC}.DLL Debug|Win32.Build.0 = Debug|Win32
		{7F4270D8-EEF4-4671-BA17-6343F227EFCC}.DLL Release|Win32.ActiveCfg = Release|Win32
		{7F4270D8-EEF4-4671-BA17-6343F227EFCC}.DLL Release|Win32.Build.0 = Release|Win32
		{7F4270D8-EEF4-4671-BA17-6343F227EFCC}.DLL VB|Win32.ActiveCfg = Debug|Win32
		{7F4270D8-EEF4-4671-BA17-6343F227EFCC}.DLL VB|Win32.Build.0 = Debug|Win32
		{7F4270D8-EEF4-4671-BA17-6343F227EFCC}.LIB Debug|Win32.ActiveCfg = Debug|Win32
		{7F4270D8-EEF4-4671-BA17-6343F227EFCC}.LIB Debug|Win32.Build.0 = Debug|Win32
		{7F4270D8-EEF4-4671-BA17-6343F227EFCC}.LIB Release|Win32.ActiveCfg = Release|Win32
		{7F4270D8-EEF4-4671-BA17-6343F227EFCC}.LIB Release|Win32.Build.0 = Release|Win32
		{7F4270D8-EEF4-4671-BA17-6343F227EFCC}.Release|Win32.ActiveCfg = Release|Win32
		{7F4270D8-EEF4-4671-BA17-6343F227EFCC}.Release|Win32.Build.0 = Release|Win32
		{D0C60DE8-B051-4194-8F69-D4CF88D52739}.Debug|Win32.ActiveCfg = Debug|Win32
		{D0C60DE8-B051-4194-8F69-D4CF88D52739}.Debug|Win32.Build.0 = Debug|Win32
		{D0C60DE8-B051-4194-8F69-D4CF88D52739}.DLL Debug|Win32.ActiveCfg = Debug|Win32
		{D0C60DE8-B051-4194-8F69-D4CF88D52739}.DLL Debug|Win32.Build.0 = Debug|Win32
		{D0C60DE8-B051-4194-8F69-D4CF88D52739}.DLL Release|Win32.ActiveCfg = Release|Win32
		{D0C60DE8-B051-4194-8F69-D4CF88D52739}.DLL Release|Win32.Build.0 = Release|Win32
		{D0C60DE8-B051-4194-8F69-D4CF88D52739}.DLL VB|Win32.ActiveCfg = Debug|Win32
		{D0C60DE8-B051-4194-8F69-D4CF88D52739}.DLL VB|Win32.Build.0 = Debug|Win32
		{D0C60DE8-B051-4194-8F69-D4CF88D52739}.LIB Debug|Win32.ActiveCfg = Debug|Win32
		{D0C60DE8-B051-4194-8F69-D4CF88D52739}.LIB Debug|Win32.Build.0 = Debug|Win32
		{D0C60DE8-B051-4194-8F69-D4CF88D52739}.LIB Release|Win32.ActiveCfg = Release|Win32
		{D0C60DE8-B051-4194-8F69-D4CF88D52739}.LIB Release|Win32.Build.0 = Release|Win32
		{D0C60DE8-B051-4194-8F69-D4CF88D52739}.Release|Win32.ActiveCfg = Release|Win32
		{D0C60DE8-B051-4194-8F69-D4CF88D52739}.Release|Win32.Build.0 = Release|Win32
		{BF89069D-0754-4E3A-95A6-65FC94F41FFC}.Debug|Win32.ActiveCfg = Debug|Win32
		{BF89069D-0754-4E3A-95A6-65FC94F41FFC}.Debug|Win32.Build.0 = Debug|Win32
		{BF89069D-0754-4E3A-95A6-65FC94F41FFC}.DLL Debug|Win32.ActiveCfg = Debug|Win32
		{BF89069D-0754-4E3A-95A6-65FC94F41FFC}.DLL Debug|Win32.Build.0 = Debug|Win32
		{BF89069D-0754-4E3A-95A6-65FC94F41FFC}.DLL Release|Win32.ActiveCfg = Release|Win32
		{BF89069D-0754-4E3A-95A6-65FC94F41FFC}.DLL Release|Win32.Build.0 = Release|Win32
		{BF89069D-0754-4E3A-95A6-65FC94F41FFC}.DLL VB|Win32.ActiveCfg = Debug|Win32
		{BF89069D-0754-4E3A-95A6-65FC94F41FFC}.DLL VB|Win32.Build.0 = Debug|Win32
		{BF89069D-0754-4E3A-95A6-65FC94F41FFC}.LIB Debug|Win32.ActiveCfg = Debug|Win32
		{BF89069D-0754-4E3A-95A6-65FC94F41FFC}.LIB Debug|Win32.Build.0 = Debug|Win32
		{BF89069D-0754-4E3A-95A6-65FC94F41FFC}.LIB Release|Win32.ActiveCfg = Release|Win32
		{BF89069D-0754-4E3A-95A6-65FC94F41FFC}.LIB Release|Win32.Build.0 = Release|Win32
		{BF89069D-0754-4E3A-95A6-65FC94F41FFC}.Release|Win32.ActiveCfg = Release|Win32
		{BF89069D-0754-4E3A-95A6-65FC94F41FFC}.Release|Win32.Build.0 = Release|Win32
		{C5894369-F3D2-4D36-975A-A94C7943D325}.Debug|Win32.ActiveCfg = Debug|Win32
		{C5894369-F3D2-4D36-975A-A94C7943D325}.Debug|Win32.Build.0 = Debug|Win32
		{C5894369-F3D2-4D36-975A-A94C7943D325}.DLL Debug|Win32.ActiveCfg = Debug|Win32
		{C5894369-F3D2-4D36-975A-A94C7943D325}.DLL Debug|Win32.Build.0 = Debug|Win32
		{C5894369-F3D2-4D36-975A-A94C7943D325}.DLL Release|Win32.ActiveCfg = Release|Win32
		{C5894369-F3D2-4D36-975A-A94C7943D325}.DLL Release|Win32.Build.0 = Release|Win32
		{C5894369-F3D2-4D36-975A-A94C7943D325}.DLL VB|Win32.ActiveCfg = Debug|Win32
		{C5894369-F3D2-4D36-975A-A94C7943D325}.DLL VB|Win32.Build.0 = Debug|Win32
		{C5894369-F3D2-4D36-975A-A94C7943D325}.LIB Debug|Win32.ActiveCfg = Debug|Win32
		{C5894369-F3D2-4D36-975A-A94C7943D325}.LIB Debug|Win32.Build.0 = Debug|Win32
		{C5894369-F3D2-4D36-975A-A94C7943D325}.LIB Release|Win32.ActiveCfg = Release|Win32
		{C5894369-F3D2-4D36-975A-A94C7943D325}.LIB Release|Win32.Build.0 = Release|Win32
		{C5894369-F3D2-4D36-975A-A94C7943D325}.Release|Win32.ActiveCfg = Release|Win32
		{C5894369-F3D2-4D36-975A-A94C7943D325}.Release|Win32.Build.0 = Release|Win32
		{D2427EC9-94E2-4C09-BB07-5FC8C514D6FB}.Debug|Win32.ActiveCfg = Debug|Win32
		{D2427EC9-94E2-4C09-BB07-5FC8C514D6FB}.Debug|Win32.Build.0 = Debug|Win32
		{D2427EC9-94E2-4C09-BB07-5FC8C514D6FB}.DLL Debug|Win32.ActiveCfg = Debug|Win32
		{D2427EC9-94E2-4C09-BB07-5FC8C514D6FB}.DLL Debug|Win32.Build.0 = Debug|Win32
		{D2427EC9-94E2-4C09-BB07-5FC8C514D6FB}.DLL Release|Win32.ActiveCfg = Release|Win32
		{D2427EC9-94E2-4C09-BB07-5FC8C514D6FB}.DLL Release|Win32.Build.0 = Release|Win32
		{D2427EC9-94E2-4C09-BB07-5FC8C514D6FB}.DLL VB|Win32.ActiveCfg = Debug|Win32
		{D2427EC9-94E2-4C09-BB07-5FC8C514D6FB}.DLL VB|Win32.Build.0 = Debug|Win32
		{D2427EC9-94E2-4C09-BB07-5FC8C514D6FB}.LIB Debug|Win32.ActiveCfg = Debug|Win32
		{D2427EC9-94E2-4C09-BB07-5FC8C514D6FB}.LIB Debug|Win32.Build.0 = Debug|Win32
		{D2427EC9-94E2-4C09-BB07-5FC8C514D6FB}.LIB Release|Win32.ActiveCfg = Release|Win32
		{D2427EC9-94E2-4C09-BB07-5FC8C514D6FB}.LIB Release|Win32.Build.0 = Release|Win32
		{D2427EC9-94E2-4C09-BB07-5FC8C514D6FB}.Release|Win32.ActiveCfg = Release|Win32
		{D2427EC9-94E2-4C09-BB07-5FC8C514D6FB}.Release|Win32.Build.0 = Release|Win32
		{7EBC6EF3-70ED-491E-B221-0A5E036CBFEB}.Debug|Win32.ActiveCfg = Debug|Win32
		{7EBC6EF3-70ED-491E-B221-0A5E036CBFEB}.Debug|Win32.Build.0 = Debug|Win32
		{7EBC6EF3-70ED-491E-B221-0A5E036CBFEB}.DLL Debug|Win32.ActiveCfg = Debug|Win32
		{7EBC6EF3-70ED-491E-B221-0A5E036CBFEB}.DLL Debug|Win32.Build.0 = Debug|Win32
		{7EBC6EF3-70ED-491E-B221-0A5E036CBFEB}.DLL Release|Win32.ActiveCfg = Release|Win32
		{7EBC6EF3-70ED-491E-B221-0A5E036CBFEB}.DLL Release|Win32.Build.0 = Release|Win32
		{7EBC6EF3-70ED-491E-B221-0A5E036CBFEB}.DLL VB|Win32.ActiveCfg = Debug|Win32
		{7EBC6EF3-70ED-491E-B221-0A5E036CBFEB}.DLL VB|Win32.Build.0 = Debug|Win32
		{7EBC6EF3-70ED-491E-B221-0A5E036CBFEB}.LIB Debug|Win32.ActiveCfg = Debug|Win32
		{7EBC6EF3-70ED-491E-B221-0A5E036CBFEB}.LIB Debug|Win32.Build.0 = Debug|Win32
		{7EBC6EF3-70ED-491E-B221-0A5E036CBFEB}.LIB Release|Win32.ActiveCfg = Release|Win32
		{7EBC6EF3-70ED-491E-B221-0A5E036CBFEB}.LIB Release|Win32.Build.0 = Release|Win32
		{7EBC6EF3-70ED-491E-B221-0A5E036CBFEB}.Release|Win32.ActiveCfg = Release|Win32
		{7EBC6EF3-70ED-491E-B221-0A5E036CBFEB}.Release|Win32.Build.0 = Release|Win32
		{949F7596-417E-490A-A9B3-3706D4D7F5F5}.Debug|Win32.ActiveCfg = Debug|Win32
		{949F7596-417E-490A-A9B3-3706D4D7F5F5}.Debug|Win32.Build.0 = Debug|Win32
		{949F7596-417E-490A-A9B3-3706D4D7F5F5}.DLL Debug|Win32.ActiveCfg = Debug|Win32
		{949F7596-417E-490A-A9B3-3706D4D7F5F5}.DLL Debug|Win32.Build.0 = Debug|Win32
		{949F7596-417E-490A-A9B3-3706D4D7F5F5}.DLL Release|Win32.ActiveCfg = Release|Win32
		{949F7596-417E-490A-A9B3-3706D4D7F5F5}.DLL Release|Win32.Build.0 = Release|Win32
		{949F7596-417E-490A-A9B3-3706D4D7F5F5}.DLL VB|Win32.ActiveCfg = Debug|Win32
		{949F7596-417E-490A-A9B3-3706D4D7F5F5}.DLL VB|Win32.Build.0 = Debug|Win32
		{949F7596-417E-490A-A9B3-3706D4D7F5F5}.LIB Debug|Win32.ActiveCfg = Debug|Win32
		{949F7596-417E-490A-A9B3-3706D4D7F5F5}.LIB Debug|Win32.Build.0 = Debug|Win32
		{949F7596-417E-490A-A9B3-3706D4D7F5F5}.LIB Release|Win32.ActiveCfg = Release|Win32
		{949F7596-417E-490A-A9B3-3706D4D7F5F5}.LIB Release|Win32.Build.0 = Release|Win32
		{949F7596-417E-490A-A9B3-3706D4D7F5F5}.Release|Win32.ActiveCfg = Release|Win32
		{949F7596-417E-490A-A9B3-3706D4D7F5F5}.Release|Win32.Build.0 = Release|Win32
		{87B112D6-A571-4DB5-B948-7940E0CACE7C}.Debug|Win32.ActiveCfg = Debug|Win32
		{87B112D6-A571-4DB5-B948-7940E0CACE7C}.Debug|Win32.Build.0 = Debug|Win32
		{87B112D6-A571-4DB5-B948-7940E0CACE7C}.DLL Debug|Win32.ActiveCfg = Debug|Win32
		{87B112D6-A571-4DB5-B948-7940E0CACE7C}.DLL Debug|Win32.Build.0 = Debug|Win32
		{87B112D6-A571-4DB5-B948-7940E0CACE7C}.DLL Release|Win32.ActiveCfg = Release|Win32
		{87B112D6-A571-4DB5-B948-7940E0CACE7C}.DLL Release|Win32.Build.0 = Release|Win32
		{87B112D6-A571-4DB5-B948-7940E0CACE7C}.DLL VB|Win32.ActiveCfg = Debug|Win32
		{87B112D6-A571-4DB5-B948-7940E0CACE7C}.DLL VB|Win32.Build.0 = Debug|Win32
		{87B112D6-A571-4DB5-B948-7940E0CACE7C}.LIB Debug|Win32.ActiveCfg = Debug|Win32
		{87B112D6-A571-4DB5-B948-7940E0CACE7C}.LIB Debug|Win32.Build.0 = Debug|Win32
		{87B112D6-A571-4DB5-B948-7940E0CACE7C}.LIB Release|Win32.ActiveCfg = Release|Win32
		{87B112D6-A571-4DB5-B948-7940E0CACE7C}.LIB Release|Win32.Build.0 = Release|Win32
		{87B112D6-A571-4DB5-B948-7940E0CACE7C}.Release|Win32.ActiveCfg = Release|Win32
		{87B112D6-A571-4DB5-B948-7940E0CACE7C}.Release|Win32.Build.0 = Release|Win32
		{661FBD69-F7DB-4356-BCDB-4ECD40088081}.Debug|Win32.ActiveCfg = Debug|Win32
		{661FBD69-F7DB-4356-BCDB-4ECD40088081}.Debug|Win32.Build.0 = Debug|Win32
		{661FBD69-F7DB-4356-BCDB-4ECD40088081}.DLL Debug|Win32.ActiveCfg = Debug|Win32
		{661FBD69-F7DB-4356-BCDB-4ECD40088081}.DLL Debug|Win32.Build.0 = Debug|Win32
		{661FBD69-F7DB-4356-BCDB-4ECD40088081}.DLL Release|Win32.ActiveCfg = Release|Win32
		{661FBD69-F7DB-4356-BCDB-4ECD40088081}.DLL Release|Win32.Build.0 = Release|Win32
		{661FBD69-F7DB-4356-BCDB-4ECD40088081}.DLL VB|Win32.ActiveCfg = Debug|Win32
		{661FBD69-F7DB-4356-BCDB-4ECD40088081}.DLL VB|Win32.Build.0 = Debug|Win32
		{661FBD69-F7DB-4356-BCDB-4ECD40088081}.LIB Debug|Win32.ActiveCfg = Debug|Win32
		{661FBD69-F7DB-4356-BCDB-4ECD40088081}.LIB Debug|Win32.Build.0 = Debug|Win32
		{661FBD69-F7DB-4356-BCDB-4ECD40088081}.LIB Release|Win32.ActiveCfg = Release|Win32
		{661FBD69-F7DB-4356-BCDB-4ECD40088081}.LIB Release|Win32.Build.0 = Release|Win32
		{661FBD69-F7DB-4356-BCDB-4ECD40088081}.Release|Win32.ActiveCfg = Release|Win32
		{661FBD69-F7DB-4356-BCDB-4ECD40088081}.Release|Win32.Build.0 = Release|Win32
		{222C3A35-F2CC-4B1B-ABAA-1705136007FD}.Debug|Win32.ActiveCfg = Debug|Win32
		{222C3A35-F2CC-4B1B-ABAA-1705136007FD}.Debug|Win32.Build.0 = Debug|Win32
		{222C3A35-F2CC-4B1B-ABAA-1705136007FD}.DLL Debug|Win32.ActiveCfg = Debug|Win32
		{222C3A35-F2CC-4B1B-ABAA-1705136007FD}.DLL Debug|Win32.Build.0 = Debug|Win32
		{222C3A35-F2CC-4B1B-ABAA-1705136007FD}.DLL Release|Win32.ActiveCfg = Release|Win32
		{222C3A35-F2CC-4B1B-ABAA-1705136007FD}.DLL Release|Win32.Build.0 = Release|Win32
		{222C3A35-F2CC-4B1B-ABAA-1705136007FD}.DLL VB|Win32.ActiveCfg = Debug|Win32
		{222C3A35-F2CC-4B1B-ABAA-1705136007FD}.DLL VB|Win32.Build.0 = Debug|Win32
		{222C3A35-F2CC-4B1B-ABAA-1705136007FD}.LIB Debug|Win32.ActiveCfg = Debug|Win32
		{222C3A35-F2CC-4B1B-ABAA-1705136007FD}.LIB Debug|Win32.Build.0 = Debug|Win32
		{222C3A35-F2CC-4B1B-ABAA-1705136007FD}.LIB Release|Win32.ActiveCfg = Release|Win32
		{222C3A35-F2CC-4B1B-ABAA-1705136007FD}.LIB Release|Win32.Build.0 = Release|Win32
		{222C3A35-F2CC-4B1B-ABAA-1705136007FD}.Release|Win32.ActiveCfg = Release|Win32
		{222C3A35-F2CC-4B1B-ABAA-1705136007FD}.Release|Win32.Build.0 = Release|Win32
		{922977D3-E249-40AC-BC72-26919116BC70}.Debug|Win32.ActiveCfg = Debug|Win32
		{922977D3-E249-40AC-BC72-26919116BC70}.Debug|Win32.Build.0 = Debug|Win32
		{922977D3-E249-40AC-BC72-26919116BC70}.DLL Debug|Win32.ActiveCfg = Debug|Win32
		{922977D3-E249-40AC-BC72-26919116BC70}.DLL Debug|Win32.Build.0 = Debug|Win32
		{922977D3-E249-40AC-BC72-26919116BC70}.DLL Release|Win32.ActiveCfg = Release|Win32
		{922977D3-E249-40AC-BC72-26919116BC70}.DLL Release|Win32.Build.0 = Release|Win32
		{922977D3-E249-40AC-BC72-26919116BC70}.DLL VB|Win32.ActiveCfg = Debug|Win32
		{922977D3-E249-40AC-BC72-26919116BC70}.DLL VB|Win32.Build.0 = Debug|Win32
		{922977D3-E249-40AC-BC72-26919116BC70}.LIB Debug|Win32.ActiveCfg = Debug|Win32
		{922977D3-E249-40AC-BC72-26919116BC70}.LIB Debug|Win32.Build.0 = Debug|Win32
		{922977D3-E249-40AC-BC72-26919116BC70}.LIB Release|Win32.ActiveCfg = Release|Win32
		{922977D3-E249-40AC-BC72-26919116BC70}.LIB Release|Win32.Build.0 = Release|Win32
		{922977D3-E249-40AC-BC72-26919116BC70}.Release|Win32.ActiveCfg = Release|Win32
		{922977D3-E249-40AC-BC72-26919116BC70}.Release|Win32.Build.0 = Release|Win32
		{3C6771FF-9322-4245-95EA-E462B3E4FA4F}.Debug|Win32.ActiveCfg = Debug|Win32
		{3C6771FF-9322-4245-95EA-E462B3E4FA4F}.Debug|Win32.Build.0 = Debug|Win32
		{3C6771FF-9322-4245-95EA-E462B3E4FA4F}.DLL Debug|Win32.ActiveCfg = Debug|Win32
		{3C6771FF-9322-4245-95EA-E462B3E4FA4F}.DLL Debug|Win32.Build.0 = Debug|Win32
		{3C6771FF-9322-4245-95EA-E462B3E4FA4F}.DLL Release|Win32.ActiveCfg = Release|Win32
		{3C6771FF-9322-4245-95EA-E462B3E4FA4F}.DLL Release|Win32.Build.0 = Release|Win32
		{3C6771FF-9322-4245-95EA-E462B3E4FA4F}.DLL VB|Win32.ActiveCfg = Debug|Win32
		{3C6771FF-9322-4245-95EA-E462B3E4FA4F}.DLL VB|Win32.Build.0 = Debug|Win32
		{3C6771FF-9322-4245-95EA-E462B3E4FA4F}.LIB Debug|Win32.ActiveCfg = Debug|Win32
		{3C6771FF-9322-4245-95EA-E462B3E4FA4F}.LIB Debug|Win32.Build.0 = Debug|Win32
		{3C6771FF-9322-4245-95EA-E462B3E4FA4F}.LIB Release|Win32.ActiveCfg = Release|Win32
		{3C6771FF-9322-4245-95EA-E462B3E4FA4F}.LIB Release|Win32.Build.0 = Release|Win32
		{3C6771FF-9322-4245-95EA-E462B3E4FA4F}.Release|Win32.ActiveCfg = Release|Win32
		{3C6771FF-9322-4245-95EA-E462B3E4FA4F}.Release|Win32.Build.0 = Release|Win32
		{AAD75944-DAA7-49BE-9694-2FB31EA38568}.Debug|Win32.ActiveCfg = Debug|Win32
		{AAD75944-DAA7-49BE-9694-2FB31EA38568}.Debug|Win32.Build.0 = Debug|Win32
		{AAD75944-DAA7-49BE-9694-2FB31EA38568}.DLL Debug|Win32.ActiveCfg = Debug|Win32
		{AAD75944-DAA7-49BE-9694-2FB31EA38568}.DLL Debug|Win32.Build.0 = Debug|Win32
		{AAD75944-DAA7-49BE-9694-2FB31EA38568}.DLL Release|Win32.ActiveCfg = Release|Win32
		{AAD75944-DAA7-49BE-9694-2FB31EA38568}.DLL Release|Win32.Build.0 = Release|Win32
		{AAD75944-DAA7-49BE-9694-2FB31EA38568}.DLL VB|Win32.ActiveCfg = Debug|Win32
		{AAD75944-DAA7-49BE-9694-2FB31EA38568}.DLL VB|Win32.Build.0 = Debug|Win32
		{AAD75944-DAA7-49BE-9694-2FB31EA38568}.LIB Debug|Win32.ActiveCfg = Debug|Win32
		{AAD75944-DAA7-49BE-9694-2FB31EA38568}.LIB Debug|Win32.Build.0 = Debug|Win32
		{AAD75944-DAA7-49BE-9694-2FB31EA38568}.LIB Release|Win32.ActiveCfg = Release|Win32
		{AAD75944-DAA7-49BE-9694-2FB31EA38568}.LIB Release|Win32.Build.0 = Release|Win32
		{AAD75944-DAA7-49BE-9694-2FB31EA38568}.Release|Win32.ActiveCfg = Release|Win32
		{AAD75944-DAA7-49BE-9694-2FB31EA38568}.Release|Win32.Build.0 = Release|Win32
		{98387CBB-A6AB-4A10-A9CF-4D12654A0722}.Debug|Win32.ActiveCfg = Debug|Win32
		{98387CBB-A6AB-4A10-A9CF-4D12654A0722}.Debug|Win32.Build.0 = Debug|Win32
		{98387CBB-A6AB-4A10-A9CF-4D12654A0722}.DLL Debug|Win32.ActiveCfg = Debug|Win32
		{98387CBB-A6AB-4A10-A9CF-4D12654A0722}.DLL Debug|Win32.Build.0 = Debug|Win32
		{98387CBB-A6AB-4A10-A9CF-4D12654A0722}.DLL Release|Win32.ActiveCfg = Release|Win32
		{98387CBB-A6AB-4A10-A9CF-4D12654A0722}.DLL Release|Win32.Build.0 = Release|Win32
		{98387CBB-A6AB-4A10-A9CF-4D12654A0722}.DLL VB|Win32.ActiveCfg = Debug|Win32
		{98387CBB-A6AB-4A10-A9CF-4D12654A0722}.DLL VB|Win32.Build.0 = Debug|Win32
		{98387CBB-A6AB-4A10-A9CF-4D12654A0722}.LIB Debug|Win32.ActiveCfg = Debug|Win32
		{98387CBB-A6AB-4A10-A9CF-4D12654A0722}.LIB Debug|Win32.Build.0 = Debug|Win32
		{98387CBB-A6AB-4A10-A9CF-4D12654A0722}.LIB Release|Win32.ActiveCfg = Release|Win32
		{98387CBB-A6AB-4A10-A9CF-4D12654A0722}.LIB Release|Win32.Build.0 = Release|Win32
		{98387CBB-A6AB-4A10-A9CF-4D12654A0722}.Release|Win32.ActiveCfg = Release|Win32
		{98387CBB-A6AB-4A10-A9CF-4D12654A0722}.Release|Win32.Build.0 = Release|Win32
		{39882741-77AB-4B1A-BC72-302756E85CBE}.Debug|Win32.ActiveCfg = Debug|Win32
		{39882741-77AB-4B1A-BC72-302756E85CBE}.Debug|Win32.Build.0 = Debug|Win32
		{39882741-77AB-4B1A-BC72-302756E85CBE}.DLL Debug|Win32.ActiveCfg = Debug|Win32
		{39882741-77AB-4B1A-BC72-302756E85CBE}.DLL Debug|Win32.Build.0 = Debug|Win32
		{39882741-77AB-4B1A-BC72-302756E85CBE}.DLL Release|Win32.ActiveCfg = Release|Win32
		{39882741-77AB-4B1A-BC72-302756E85CBE}.DLL Release|Win32.Build.0 = Release|Win32
		{39882741-77AB-4B1A-BC72-302756E85CBE}.DLL VB|Win32.ActiveCfg = Debug|Win32
		{39882741-77AB-4B1A-BC72-302756E85CBE}.DLL VB|Win32.Build.0 = Debug|Win32
		{39882741-77AB-4B1A-BC72-302756E85CBE}.LIB Debug|Win32.ActiveCfg = Debug|Win32
		{39882741-77AB-4B1A-BC72-302756E85CBE}.LIB Debug|Win32.Build.0 = Debug|Win32
		{39882741-77AB-4B1A-BC72-302756E85CBE}.LIB Release|Win32.ActiveCfg = Release|Win32
		{39882741-77AB-4B1A-BC72-302756E85CBE}.LIB Release|Win32.Build.0 = Release|Win32
		{39882741-77AB-4B1A-BC72-302756E85CBE}.Release|Win32.ActiveCfg = Release|Win32
		{39882741-77AB-4B1A-BC72-302756E85CBE}.Release|Win32.Build.0 = Release|Win32
		{503FBAF2-AD34-48D8-A4F5-8B2E19E97ABB}.Debug|Win32.ActiveCfg = LIB Debug|Win32
		{503FBAF2-AD34-48D8-A4F5-8B2E19E97ABB}.Debug|Win32.Build.0 = LIB Debug|Win32
		{503FBAF2-AD34-48D8-A4F5-8B2E19E97ABB}.DLL Debug|Win32.ActiveCfg = DLL Debug|Win32
		{503FBAF2-AD34-48D8-A4F5-8B2E19E97ABB}.DLL Debug|Win32.Build.0 = DLL Debug|Win32
		{503FBAF2-AD34-48D8-A4F5-8B2E19E97ABB}.DLL Release|Win32.ActiveCfg = DLL Release|Win32
		{503FBAF2-AD34-48D8-A4F5-8B2E19E97ABB}.DLL Release|Win32.Build.0 = DLL Release|Win32
		{503FBAF2-AD34-48D8-A4F5-8B2E19E97ABB}.DLL VB|Win32.ActiveCfg = DLL VB|Win32
		{503FBAF2-AD34-48D8-A4F5-8B2E19E97ABB}.DLL VB|Win32.Build.0 = DLL VB|Win32
		{503FBAF2-AD34-48D8-A4F5-8B2E19E97ABB}.LIB Debug|Win32.ActiveCfg = LIB Debug|Win32
		{503FBAF2-AD34-48D8-A4F5-8B2E19E97ABB}.LIB Debug|Win32.Build.0 = LIB Debug|Win32
		{503FBAF2-AD34-48D8-A4F5-8B2E19E97ABB}.LIB Release|Win32.ActiveCfg = LIB Release|Win32
		{503FBAF2-AD34-48D8-A4F5-8B2E19E97ABB}.LIB Release|Win32.Build.0 = LIB Release|Win32
		{503FBAF2-AD34-48D8-A4F5-8B2E19E97ABB}.Release|Win32.ActiveCfg = LIB Release|Win32
		{503FBAF2-AD34-48D8-A4F5-8B2E19E97ABB}.Release|Win32.Build.0 = LIB Release|Win32
		{9A33AFC4-0628-494C-BC4D-209237F9F6AD}.Debug|Win32.ActiveCfg = Debug|Win32
		{9A33AFC4-0628-494C-BC4D-209237F9F6AD}.Debug|Win32.Build.0 = Debug|Win32
		{9A33AFC4-0628-494C-BC4D-209237F9F6AD}.DLL Debug|Win32.ActiveCfg = Debug|Win32
		{9A33AFC4-0628-494C-BC4D-209237F9F6AD}.DLL Debug|Win32.Build.0 = Debug|Win32
		{9A33AFC4-0628-494C-BC4D-209237F9F6AD}.DLL Release|Win32.ActiveCfg = Release|Win32
		{9A33AFC4-0628-494C-BC4D-209237F9F6AD}.DLL Release|Win32.Build.0 = Release|Win32
		{9A33AFC4-0628-494C-BC4D-209237F9F6AD}.DLL VB|Win32.ActiveCfg = Debug|Win32
		{9A33AFC4-0628-494C-BC4D-209237F9F6AD}.DLL VB|Win32.Build.0 = Debug|Win32
		{9A33AFC4-0628-494C-BC4D-209237F9F6AD}.LIB Debug|Win32.ActiveCfg = Debug|Win32
		{9A33AFC4-0628-494C-BC4D-209237F9F6AD}.LIB Debug|Win32.Build.0 = Debug|Win32
		{9A33AFC4-0628-494C-BC4D-209237F9F6AD}.LIB Release|Win32.ActiveCfg = Release|Win32
		{9A33AFC4-0628-494C-BC4D-209237F9F6AD}.LIB Release|Win32.Build.0 = Release|Win32
		{9A33AFC4-0628-494C-BC4D-209237F9F6AD}.Release|Win32.ActiveCfg = Release|Win32
		{9A33AFC4-0628-494C-BC4D-209237F9F6AD}.Release|Win32.Build.0 = Release|Win32
		{6E029195-3328-4989-8A1C-7A6ADA1CF7C0}.Debug|Win32.ActiveCfg = Debug|Win32
		{6E029195-3328-4989-8A1C-7A6ADA1CF7C0}.Debug|Win32.Build.0 = Debug|Win32
		{6E029195-3328-4989-8A1C-7A6ADA1CF7C0}.DLL Debug|Win32.ActiveCfg = Debug|Win32
		{6E029195-3328-4989-8A1C-7A6ADA1CF7C0}.DLL Debug|Win32.Build.0 = Debug|Win32
		{6E029195-3328-4989-8A1C-7A6ADA1CF7C0}.DLL Release|Win32.ActiveCfg = Release|Win32
		{6E029195-3328-4989-8A1C-7A6ADA1CF7C0}.DLL Release|Win32.Build.0 = Release|Win32
		{6E029195-3328-4989-8A1C-7A6ADA1CF7C0}.DLL VB|Win32.ActiveCfg = Debug|Win32
		{6E029195-3328-4989-8A1C-7A6ADA1CF7C0}.DLL VB|Win32.Build.0 = Debug|Win32
		{6E029195-3328-4989-8A1C-7A6ADA1CF7C0}.LIB Debug|Win32.ActiveCfg = Debug|Win32
		{6E029195-3328-4989-8A1C-7A6ADA1CF7C0}.LIB Debug|Win32.Build.0 = Debug|Win32
		{6E029195-3328-4989-8A1C-7A6ADA1CF7C0}.LIB Release|Win32.ActiveCfg = Release|Win32
		{6E029195-3328-4989-8A1C-7A6ADA1CF7C0}.LIB Release|Win32.Build.0 = Release|Win32
		{6E029195-3328-4989-8A1C-7A6ADA1CF7C0}.Release|Win32.ActiveCfg = Release|Win32
		{6E029195-3328-4989-8A1C-7A6ADA1CF7C0}.Release|Win32.Build.0 = Release|Win32
		{24FF41A7-BE35-4FAC-9029-DDB4C0C062E8}.Debug|Win32.ActiveCfg = Debug|Win32
		{24FF41A7-BE35-4FAC-9029-DDB4C0C062E8}.Debug|Win32.Build.0 = Debug|Win32
		{24FF41A7-BE35-4FAC-9029-DDB4C0C062E8}.DLL Debug|Win32.ActiveCfg = Debug|Win32
		{24FF41A7-BE35-4FAC-9029-DDB4C0C062E8}.DLL Debug|Win32.Build.0 = Debug|Win32
		{24FF41A7-BE35-4FAC-9029-DDB4C0C062E8}.DLL Release|Win32.ActiveCfg = Release|Win32
		{24FF41A7-BE35-4FAC-9029-DDB4C0C062E8}.DLL Release|Win32.Build.0 = Release|Win32
		{24FF41A7-BE35-4FAC-9029-DDB4C0C062E8}.DLL VB|Win32.ActiveCfg = Debug|Win32
		{24FF41A7-BE35-4FAC-9029-DDB4C0C062E8}.DLL VB|Win32.Build.0 = Debug|Win32
		{24FF41A7-BE35-4FAC-9029-DDB4C0C062E8}.LIB Debug|Win32.ActiveCfg = Debug|Win32
		{24FF41A7-BE35-4FAC-9029-DDB4C0C062E8}.LIB Debug|Win32.Build.0 = Debug|Win32
		{24FF41A7-BE35-4FAC-9029-DDB4C0C062E8}.LIB Release|Win32.ActiveCfg = Release|Win32
		{24FF41A7-BE35-4FAC-9029-DDB4C0C062E8}.LIB Release|Win32.Build.0 = Release|Win32
		{24FF41A7-BE35-4FAC-9029-DDB4C0C062E8}.Release|Win32.ActiveCfg = Release|Win32
		{24FF41A7-BE35-4FAC-9029-DDB4C0C062E8}.Release|Win32.Build.0 = Release|Win32
		{B72B0159-C429-480C-9EF1-41A4A914E4DE}.Debug|Win32.ActiveCfg = Debug|Win32
		{B72B0159-C429-480C-9EF1-41A4A914E4DE}.Debug|Win32.Build.0 = Debug|Win32
		{B72B0159-C429-480C-9EF1-41A4A914E4DE}.DLL Debug|Win32.ActiveCfg = Debug|Win32
		{B72B0159-C429-480C-9EF1-41A4A914E4DE}.DLL Debug|Win32.Build.0 = Debug|Win32
		{B72B0159-C429-480C-9EF1-41A4A914E4DE}.DLL Release|Win32.ActiveCfg = Release|Win32
		{B72B0159-C429-480C-9EF1-41A4A914E4DE}.DLL Release|Win32.Build.0 = Release|Win32
		{B72B0159-C429-480C-9EF1-41A4A914E4DE}.DLL VB|Win32.ActiveCfg = Debug|Win32
		{B72B0159-C429-480C-9EF1-41A4A914E4DE}.DLL VB|Win32.Build.0 = Debug|Win32
		{B72B0159-C429-480C-9EF1-41A4A914E4DE}.LIB Debug|Win32.ActiveCfg = Debug|Win32
		{B72B0159-C429-480C-9EF1-41A4A914E4DE}.LIB Debug|Win32.Build.0 = Debug|Win32
		{B72B0159-C429-480C-9EF1-41A4A914E4DE}.LIB Release|Win32.ActiveCfg = Release|Win32
		{B72B0159-C429-480C-9EF1-41A4A914E4DE}.LIB Release|Win32.Build.0 = Release|Win32
		{B72B0159-C429-480C-9EF1-41A4A914E4DE}.Release|Win32.ActiveCfg = Release|Win32
		{B72B0159-C429-480C-9EF1-41A4A914E4DE}.Release|Win32.Build.0 = Release|Win32
		{DA2A759C-582D-47D0-90B5-16C2D05F2EA4}.Debug|Win32.ActiveCfg = Debug|Win32
		{DA2A759C-582D-47D0-90B5-16C2D05F2EA4}.Debug|Win32.Build.0 = Debug|Win32
		{DA2A759C-582D-47D0-90B5-16C2D05F2EA4}.DLL Debug|Win32.ActiveCfg = Debug|Win32
		{DA2A759C-582D-47D0-90B5-16C2D05F2EA4}.DLL Debug|Win32.Build.0 = Debug|Win32
		{DA2A759C-582D-47D0-90B5-16C2D05F2EA4}.DLL Release|Win32.ActiveCfg = Release|Win32
		{DA2A759C-582D-47D0-90B5-16C2D05F2EA4}.DLL Release|Win32.Build.0 = Release|Win32
		{DA2A759C-582D-47D0-90B5-16C2D05F2EA4}.DLL VB|Win32.ActiveCfg = Debug|Win32
		{DA2A759C-582D-47D0-90B5-16C2D05F2EA4}.DLL VB|Win32.Build.0 = Debug|Win32
		{DA2A759C-582D-47D0-90B5-16C2D05F2EA4}.LIB Debug|Win32.ActiveCfg = Debug|Win32
		{DA2A759C-582D-47D0-90B5-16C2D05F2EA4}.LIB Debug|Win32.Build.0 = Debug|Win32
		{DA2A759C-582D-47D0-90B5-16C2D05F2EA4}.LIB Release|Win32.ActiveCfg = Release|Win32
		{DA2A759C-582D-47D0-90B5-16C2D05F2EA4}.LIB Release|Win32.Build.0 = Release|Win32
		{DA2A759C-582D-47D0-90B5-16C2D05F2EA4}.Release|Win32.ActiveCfg = Release|Win32
		{DA2A759C-582D-47D0-90B5-16C2D05F2EA4}.Release|Win32.Build.0 = Release|Win32
		{1E6B1BEB-C37E-4E6C-B071-115858BAA1F0}.Debug|Win32.ActiveCfg = Debug|Win32
		{1E6B1BEB-C37E-4E6C-B071-115858BAA1F0}.Debug|Win32.Build.0 = Debug|Win32
		{1E6B1BEB-C37E-4E6C-B071-115858BAA1F0}.DLL Debug|Win32.ActiveCfg = Debug|Win32
		{1E6B1BEB-C37E-4E6C-B071-115858BAA1F0}.DLL Debug|Win32.Build.0 = Debug|Win32
		{1E6B1BEB-C37E-4E6C-B071-115858BAA1F0}.DLL Release|Win32.ActiveCfg = Release|Win32
		{1E6B1BEB-C37E-4E6C-B071-115858BAA1F0}.DLL Release|Win32.Build.0 = Release|Win32
		{1E6B1BEB-C37E-4E6C-B071-115858BAA1F0}.DLL VB|Win32.ActiveCfg = Debug|Win32
		{1E6B1BEB-C37E-4E6C-B071-115858BAA1F0}.DLL VB|Win32.Build.0 = Debug|Win32
		{1E6B1BEB-C37E-4E6C-B071-115858BAA1F0}.LIB Debug|Win32.ActiveCfg = Debug|Win32
		{1E6B1BEB-C37E-4E6C-B071-115858BAA1F0}.LIB Debug|Win32.Build.0 = Debug|Win32
		{1E6B1BEB-C37E-4E6C-B071-115858BAA1F0}.LIB Release|Win32.ActiveCfg = Release|Win32
		{1E6B1BEB-C37E-4E6C-B071-115858BAA1F0}.LIB Release|Win32.Build.0 = Release|Win32
		{1E6B1BEB-C37E-4E6C-B071-115858BAA1F0}.Release|Win32.ActiveCfg = Release|Win32
		{1E6B1BEB-C37E-4E6C-B071-115858BAA1F0}.Release|Win32.Build.0 = Release|Win32
	EndGlobalSection
	GlobalSection(SolutionProperties) = preSolution
		HideSolutionNode = FALSE
	EndGlobalSection
EndGlobal
